
Microsoft Visual Studio Solution File, Format Version 12.00
# Visual Studio Version 17
VisualStudioVersion = 17.6.33815.320
MinimumVisualStudioVersion = 10.0.40219.1
Project("{FAE04EC0-301F-11D3-BF4B-00C04F79EFBC}") = "Wallpaper", "Wallpaper\Wallpaper.csproj", "{4DFF7D8D-8B6B-4762-9B2C-D00E69E42658}"
EndProject
Global
	GlobalSection(SolutionConfigurationPlatforms) = preSolution
		Debug|Any CPU = Debug|Any CPU
		Debug|x64 = Debug|x64
		Release|Any CPU = Release|Any CPU
		Release|x64 = Release|x64
	EndGlobalSection
	GlobalSection(ProjectConfigurationPlatforms) = postSolution
		{4DFF7D8D-8B6B-4762-9B2C-D00E69E42658}.Debug|Any CPU.ActiveCfg = Debug|Any CPU
		{4DFF7D8D-8B6B-4762-9B2C-D00E69E42658}.Debug|Any CPU.Build.0 = Debug|Any CPU
		{4DFF7D8D-8B6B-4762-9B2C-D00E69E42658}.Debug|x64.ActiveCfg = Debug|x64
		{4DFF7D8D-8B6B-4762-9B2C-D00E69E42658}.Debug|x64.Build.0 = Debug|x64
		{4DFF7D8D-8B6B-4762-9B2C-D00E69E42658}.Release|Any CPU.ActiveCfg = Release|Any CPU
		{4DFF7D8D-8B6B-4762-9B2C-D00E69E42658}.Release|Any CPU.Build.0 = Release|Any CPU
		{4DFF7D8D-8B6B-4762-9B2C-D00E69E42658}.Release|x64.ActiveCfg = Release|x64
		{4DFF7D8D-8B6B-4762-9B2C-D00E69E42658}.Release|x64.Build.0 = Release|x64
	EndGlobalSection
	GlobalSection(SolutionProperties) = preSolution
		HideSolutionNode = FALSE
	EndGlobalSection
	GlobalSection(ExtensibilityGlobals) = postSolution
		SolutionGuid = {63107994-F6F4-4229-88AE-38505D74FCEB}
	EndGlobalSection
EndGlobal
